
Microsoft Visual Studio Solution File, Format Version 12.00
# Visual Studio Version 17
VisualStudioVersion = 17.11.35208.52
MinimumVisualStudioVersion = 10.0.40219.1
Project("{FAE04EC0-301F-11D3-BF4B-00C04F79EFBC}") = "DotNetCognitoAuthAPI", "DotNetCognitoAuthAPI.csproj", "{384BAB0D-6A78-48DA-A464-129A8570F323}"
EndProject
Global
	GlobalSection(SolutionConfigurationPlatforms) = preSolution
		Debug|Any CPU = Debug|Any CPU
		Release|Any CPU = Release|Any CPU
	EndGlobalSection
	GlobalSection(ProjectConfigurationPlatforms) = postSolution
		{384BAB0D-6A78-48DA-A464-129A8570F323}.Debug|Any CPU.ActiveCfg = Debug|Any CPU
		{384BAB0D-6A78-48DA-A464-129A8570F323}.Debug|Any CPU.Build.0 = Debug|Any CPU
		{384BAB0D-6A78-48DA-A464-129A8570F323}.Release|Any CPU.ActiveCfg = Release|Any CPU
		{384BAB0D-6A78-48DA-A464-129A8570F323}.Release|Any CPU.Build.0 = Release|Any CPU
	EndGlobalSection
	GlobalSection(SolutionProperties) = preSolution
		HideSolutionNode = FALSE
	EndGlobalSection
	GlobalSection(ExtensibilityGlobals) = postSolution
		SolutionGuid = {4E373F69-A046-4FF3-9FFE-7D9C8B2574A7}
	EndGlobalSection
EndGlobal
